// !$*UTF8*$!
{
	archiveVersion = 1;
	classes = {
	};
	objectVersion = 48;
	objects = {

/* Begin PBXBuildFile section */
		0969AB6321FF1B0D00D12095 /* AppDelegate.swift in Sources */ = {isa = PBXBuildFile; fileRef = 0969AB6221FF1B0D00D12095 /* AppDelegate.swift */; };
		0969AB6521FF1B0D00D12095 /* ViewController.swift in Sources */ = {isa = PBXBuildFile; fileRef = 0969AB6421FF1B0D00D12095 /* ViewController.swift */; };
		0969AB6821FF1B0E00D12095 /* Main.storyboard in Resources */ = {isa = PBXBuildFile; fileRef = 0969AB6621FF1B0E00D12095 /* Main.storyboard */; };
		0969AB6A21FF1B0E00D12095 /* Assets.xcassets in Resources */ = {isa = PBXBuildFile; fileRef = 0969AB6921FF1B0E00D12095 /* Assets.xcassets */; };
		0969AB6D21FF1B0E00D12095 /* LaunchScreen.storyboard in Resources */ = {isa = PBXBuildFile; fileRef = 0969AB6B21FF1B0E00D12095 /* LaunchScreen.storyboard */; };
		0969AB7821FF1B0E00D12095 /* QuizTests.swift in Sources */ = {isa = PBXBuildFile; fileRef = 0969AB7721FF1B0E00D12095 /* QuizTests.swift */; };
		0969AB8321FF1B0E00D12095 /* QuizUITests.swift in Sources */ = {isa = PBXBuildFile; fileRef = 0969AB8221FF1B0E00D12095 /* QuizUITests.swift */; };
/* End PBXBuildFile section */

/* Begin PBXContainerItemProxy section */
		0969AB7421FF1B0E00D12095 /* PBXContainerItemProxy */ = {
			isa = PBXContainerItemProxy;
			containerPortal = 0969AB5721FF1B0D00D12095 /* Project object */;
			proxyType = 1;
			remoteGlobalIDString = 0969AB5E21FF1B0D00D12095;
			remoteInfo = Quiz;
		};
		0969AB7F21FF1B0E00D12095 /* PBXContainerItemProxy */ = {
			isa = PBXContainerItemProxy;
			containerPortal = 0969AB5721FF1B0D00D12095 /* Project object */;
			proxyType = 1;
			remoteGlobalIDString = 0969AB5E21FF1B0D00D12095;
			remoteInfo = Quiz;
		};
/* End PBXContainerItemProxy section */

/* Begin PBXFileReference section */
		0969AB5F21FF1B0D00D12095 /* Quiz.app */ = {isa = PBXFileReference; explicitFileType = wrapper.application; includeInIndex = 0; path = Quiz.app; sourceTree = BUILT_PRODUCTS_DIR; };
		0969AB6221FF1B0D00D12095 /* AppDelegate.swift */ = {isa = PBXFileReference; lastKnownFileType = sourcecode.swift; path = AppDelegate.swift; sourceTree = "<group>"; };
		0969AB6421FF1B0D00D12095 /* ViewController.swift */ = {isa = PBXFileReference; lastKnownFileType = sourcecode.swift; path = ViewController.swift; sourceTree = "<group>"; };
		0969AB6721FF1B0E00D12095 /* Base */ = {isa = PBXFileReference; lastKnownFileType = file.storyboard; name = Base; path = Base.lproj/Main.storyboard; sourceTree = "<group>"; };
		0969AB6921FF1B0E00D12095 /* Assets.xcassets */ = {isa = PBXFileReference; lastKnownFileType = folder.assetcatalog; path = Assets.xcassets; sourceTree = "<group>"; };
		0969AB6C21FF1B0E00D12095 /* Base */ = {isa = PBXFileReference; lastKnownFileType = file.storyboard; name = Base; path = Base.lproj/LaunchScreen.storyboard; sourceTree = "<group>"; };
		0969AB6E21FF1B0E00D12095 /* Info.plist */ = {isa = PBXFileReference; lastKnownFileType = text.plist.xml; path = Info.plist; sourceTree = "<group>"; };
		0969AB7321FF1B0E00D12095 /* QuizTests.xctest */ = {isa = PBXFileReference; explicitFileType = wrapper.cfbundle; includeInIndex = 0; path = QuizTests.xctest; sourceTree = BUILT_PRODUCTS_DIR; };
		0969AB7721FF1B0E00D12095 /* QuizTests.swift */ = {isa = PBXFileReference; lastKnownFileType = sourcecode.swift; path = QuizTests.swift; sourceTree = "<group>"; };
		0969AB7921FF1B0E00D12095 /* Info.plist */ = {isa = PBXFileReference; lastKnownFileType = text.plist.xml; path = Info.plist; sourceTree = "<group>"; };
		0969AB7E21FF1B0E00D12095 /* QuizUITests.xctest */ = {isa = PBXFileReference; explicitFileType = wrapper.cfbundle; includeInIndex = 0; path = QuizUITests.xctest; sourceTree = BUILT_PRODUCTS_DIR; };
		0969AB8221FF1B0E00D12095 /* QuizUITests.swift */ = {isa = PBXFileReference; lastKnownFileType = sourcecode.swift; path = QuizUITests.swift; sourceTree = "<group>"; };
		0969AB8421FF1B0E00D12095 /* Info.plist */ = {isa = PBXFileReference; lastKnownFileType = text.plist.xml; path = Info.plist; sourceTree = "<group>"; };
/* End PBXFileReference section */

/* Begin PBXFrameworksBuildPhase section */
		0969AB5C21FF1B0D00D12095 /* Frameworks */ = {
			isa = PBXFrameworksBuildPhase;
			buildActionMask = 2147483647;
			files = (
			);
			runOnlyForDeploymentPostprocessing = 0;
		};
		0969AB7021FF1B0E00D12095 /* Frameworks */ = {
			isa = PBXFrameworksBuildPhase;
			buildActionMask = 2147483647;
			files = (
			);
			runOnlyForDeploymentPostprocessing = 0;
		};
		0969AB7B21FF1B0E00D12095 /* Frameworks */ = {
			isa = PBXFrameworksBuildPhase;
			buildActionMask = 2147483647;
			files = (
			);
			runOnlyForDeploymentPostprocessing = 0;
		};
/* End PBXFrameworksBuildPhase section */

/* Begin PBXGroup section */
		0969AB5621FF1B0D00D12095 = {
			isa = PBXGroup;
			children = (
				0969AB6121FF1B0D00D12095 /* Quiz */,
				0969AB7621FF1B0E00D12095 /* QuizTests */,
				0969AB8121FF1B0E00D12095 /* QuizUITests */,
				0969AB6021FF1B0D00D12095 /* Products */,
			);
			sourceTree = "<group>";
		};
		0969AB6021FF1B0D00D12095 /* Products */ = {
			isa = PBXGroup;
			children = (
				0969AB5F21FF1B0D00D12095 /* Quiz.app */,
				0969AB7321FF1B0E00D12095 /* QuizTests.xctest */,
				0969AB7E21FF1B0E00D12095 /* QuizUITests.xctest */,
			);
			name = Products;
			sourceTree = "<group>";
		};
		0969AB6121FF1B0D00D12095 /* Quiz */ = {
			isa = PBXGroup;
			children = (
				0969AB6221FF1B0D00D12095 /* AppDelegate.swift */,
				0969AB6421FF1B0D00D12095 /* ViewController.swift */,
				0969AB6621FF1B0E00D12095 /* Main.storyboard */,
				0969AB6921FF1B0E00D12095 /* Assets.xcassets */,
				0969AB6B21FF1B0E00D12095 /* LaunchScreen.storyboard */,
				0969AB6E21FF1B0E00D12095 /* Info.plist */,
			);
			path = Quiz;
			sourceTree = "<group>";
		};
		0969AB7621FF1B0E00D12095 /* QuizTests */ = {
			isa = PBXGroup;
			children = (
				0969AB7721FF1B0E00D12095 /* QuizTests.swift */,
				0969AB7921FF1B0E00D12095 /* Info.plist */,
			);
			path = QuizTests;
			sourceTree = "<group>";
		};
		0969AB8121FF1B0E00D12095 /* QuizUITests */ = {
			isa = PBXGroup;
			children = (
				0969AB8221FF1B0E00D12095 /* QuizUITests.swift */,
				0969AB8421FF1B0E00D12095 /* Info.plist */,
			);
			path = QuizUITests;
			sourceTree = "<group>";
		};
/* End PBXGroup section */

/* Begin PBXNativeTarget section */
		0969AB5E21FF1B0D00D12095 /* Quiz */ = {
			isa = PBXNativeTarget;
			buildConfigurationList = 0969AB8721FF1B0E00D12095 /* Build configuration list for PBXNativeTarget "Quiz" */;
			buildPhases = (
				0969AB5B21FF1B0D00D12095 /* Sources */,
				0969AB5C21FF1B0D00D12095 /* Frameworks */,
				0969AB5D21FF1B0D00D12095 /* Resources */,
			);
			buildRules = (
			);
			dependencies = (
			);
			name = Quiz;
			productName = Quiz;
			productReference = 0969AB5F21FF1B0D00D12095 /* Quiz.app */;
			productType = "com.apple.product-type.application";
		};
		0969AB7221FF1B0E00D12095 /* QuizTests */ = {
			isa = PBXNativeTarget;
			buildConfigurationList = 0969AB8A21FF1B0E00D12095 /* Build configuration list for PBXNativeTarget "QuizTests" */;
			buildPhases = (
				0969AB6F21FF1B0E00D12095 /* Sources */,
				0969AB7021FF1B0E00D12095 /* Frameworks */,
				0969AB7121FF1B0E00D12095 /* Resources */,
			);
			buildRules = (
			);
			dependencies = (
				0969AB7521FF1B0E00D12095 /* PBXTargetDependency */,
			);
			name = QuizTests;
			productName = QuizTests;
			productReference = 0969AB7321FF1B0E00D12095 /* QuizTests.xctest */;
			productType = "com.apple.product-type.bundle.unit-test";
		};
		0969AB7D21FF1B0E00D12095 /* QuizUITests */ = {
			isa = PBXNativeTarget;
			buildConfigurationList = 0969AB8D21FF1B0E00D12095 /* Build configuration list for PBXNativeTarget "QuizUITests" */;
			buildPhases = (
				0969AB7A21FF1B0E00D12095 /* Sources */,
				0969AB7B21FF1B0E00D12095 /* Frameworks */,
				0969AB7C21FF1B0E00D12095 /* Resources */,
			);
			buildRules = (
			);
			dependencies = (
				0969AB8021FF1B0E00D12095 /* PBXTargetDependency */,
			);
			name = QuizUITests;
			productName = QuizUITests;
			productReference = 0969AB7E21FF1B0E00D12095 /* QuizUITests.xctest */;
			productType = "com.apple.product-type.bundle.ui-testing";
		};
/* End PBXNativeTarget section */

/* Begin PBXProject section */
		0969AB5721FF1B0D00D12095 /* Project object */ = {
			isa = PBXProject;
			attributes = {
				LastSwiftUpdateCheck = 0900;
				LastUpgradeCheck = 0900;
				ORGANIZATIONNAME = retina;
				TargetAttributes = {
					0969AB5E21FF1B0D00D12095 = {
						CreatedOnToolsVersion = 9.0;
						ProvisioningStyle = Automatic;
					};
					0969AB7221FF1B0E00D12095 = {
						CreatedOnToolsVersion = 9.0;
						ProvisioningStyle = Automatic;
						TestTargetID = 0969AB5E21FF1B0D00D12095;
					};
					0969AB7D21FF1B0E00D12095 = {
						CreatedOnToolsVersion = 9.0;
						ProvisioningStyle = Automatic;
						TestTargetID = 0969AB5E21FF1B0D00D12095;
					};
				};
			};
			buildConfigurationList = 0969AB5A21FF1B0D00D12095 /* Build configuration list for PBXProject "Quiz" */;
			compatibilityVersion = "Xcode 8.0";
			developmentRegion = en;
			hasScannedForEncodings = 0;
			knownRegions = (
				en,
				Base,
			);
			mainGroup = 0969AB5621FF1B0D00D12095;
			productRefGroup = 0969AB6021FF1B0D00D12095 /* Products */;
			projectDirPath = "";
			projectRoot = "";
			targets = (
				0969AB5E21FF1B0D00D12095 /* Quiz */,
				0969AB7221FF1B0E00D12095 /* QuizTests */,
				0969AB7D21FF1B0E00D12095 /* QuizUITests */,
			);
		};
/* End PBXProject section */

/* Begin PBXResourcesBuildPhase section */
		0969AB5D21FF1B0D00D12095 /* Resources */ = {
			isa = PBXResourcesBuildPhase;
			buildActionMask = 2147483647;
			files = (
				0969AB6D21FF1B0E00D12095 /* LaunchScreen.storyboard in Resources */,
				0969AB6A21FF1B0E00D12095 /* Assets.xcassets in Resources */,
				0969AB6821FF1B0E00D12095 /* Main.storyboard in Resources */,
			);
			runOnlyForDeploymentPostprocessing = 0;
		};
		0969AB7121FF1B0E00D12095 /* Resources */ = {
			isa = PBXResourcesBuildPhase;
			buildActionMask = 2147483647;
			files = (
			);
			runOnlyForDeploymentPostprocessing = 0;
		};
		0969AB7C21FF1B0E00D12095 /* Resources */ = {
			isa = PBXResourcesBuildPhase;
			buildActionMask = 2147483647;
			files = (
			);
			runOnlyForDeploymentPostprocessing = 0;
		};
/* End PBXResourcesBuildPhase section */

/* Begin PBXSourcesBuildPhase section */
		0969AB5B21FF1B0D00D12095 /* Sources */ = {
			isa = PBXSourcesBuildPhase;
			buildActionMask = 2147483647;
			files = (
				0969AB6521FF1B0D00D12095 /* ViewController.swift in Sources */,
				0969AB6321FF1B0D00D12095 /* AppDelegate.swift in Sources */,
			);
			runOnlyForDeploymentPostprocessing = 0;
		};
		0969AB6F21FF1B0E00D12095 /* Sources */ = {
			isa = PBXSourcesBuildPhase;
			buildActionMask = 2147483647;
			files = (
				0969AB7821FF1B0E00D12095 /* QuizTests.swift in Sources */,
			);
			runOnlyForDeploymentPostprocessing = 0;
		};
		0969AB7A21FF1B0E00D12095 /* Sources */ = {
			isa = PBXSourcesBuildPhase;
			buildActionMask = 2147483647;
			files = (
				0969AB8321FF1B0E00D12095 /* QuizUITests.swift in Sources */,
			);
			runOnlyForDeploymentPostprocessing = 0;
		};
/* End PBXSourcesBuildPhase section */

/* Begin PBXTargetDependency section */
		0969AB7521FF1B0E00D12095 /* PBXTargetDependency */ = {
			isa = PBXTargetDependency;
			target = 0969AB5E21FF1B0D00D12095 /* Quiz */;
			targetProxy = 0969AB7421FF1B0E00D12095 /* PBXContainerItemProxy */;
		};
		0969AB8021FF1B0E00D12095 /* PBXTargetDependency */ = {
			isa = PBXTargetDependency;
			target = 0969AB5E21FF1B0D00D12095 /* Quiz */;
			targetProxy = 0969AB7F21FF1B0E00D12095 /* PBXContainerItemProxy */;
		};
/* End PBXTargetDependency section */

/* Begin PBXVariantGroup section */
		0969AB6621FF1B0E00D12095 /* Main.storyboard */ = {
			isa = PBXVariantGroup;
			children = (
				0969AB6721FF1B0E00D12095 /* Base */,
			);
			name = Main.storyboard;
			sourceTree = "<group>";
		};
		0969AB6B21FF1B0E00D12095 /* LaunchScreen.storyboard */ = {
			isa = PBXVariantGroup;
			children = (
				0969AB6C21FF1B0E00D12095 /* Base */,
			);
			name = LaunchScreen.storyboard;
			sourceTree = "<group>";
		};
/* End PBXVariantGroup section */

/* Begin XCBuildConfiguration section */
		0969AB8521FF1B0E00D12095 /* Debug */ = {
			isa = XCBuildConfiguration;
			buildSettings = {
				ALWAYS_SEARCH_USER_PATHS = NO;
				CLANG_ANALYZER_NONNULL = YES;
				CLANG_ANALYZER_NUMBER_OBJECT_CONVERSION = YES_AGGRESSIVE;
				CLANG_CXX_LANGUAGE_STANDARD = "gnu++14";
				CLANG_CXX_LIBRARY = "libc++";
				CLANG_ENABLE_MODULES = YES;
				CLANG_ENABLE_OBJC_ARC = YES;
				CLANG_WARN_BLOCK_CAPTURE_AUTORELEASING = YES;
				CLANG_WARN_BOOL_CONVERSION = YES;
				CLANG_WARN_COMMA = YES;
				CLANG_WARN_CONSTANT_CONVERSION = YES;
				CLANG_WARN_DIRECT_OBJC_ISA_USAGE = YES_ERROR;
				CLANG_WARN_DOCUMENTATION_COMMENTS = YES;
				CLANG_WARN_EMPTY_BODY = YES;
				CLANG_WARN_ENUM_CONVERSION = YES;
				CLANG_WARN_INFINITE_RECURSION = YES;
				CLANG_WARN_INT_CONVERSION = YES;
				CLANG_WARN_NON_LITERAL_NULL_CONVERSION = YES;
				CLANG_WARN_OBJC_LITERAL_CONVERSION = YES;
				CLANG_WARN_OBJC_ROOT_CLASS = YES_ERROR;
				CLANG_WARN_RANGE_LOOP_ANALYSIS = YES;
				CLANG_WARN_STRICT_PROTOTYPES = YES;
				CLANG_WARN_SUSPICIOUS_MOVE = YES;
				CLANG_WARN_UNGUARDED_AVAILABILITY = YES_AGGRESSIVE;
				CLANG_WARN_UNREACHABLE_CODE = YES;
				CLANG_WARN__DUPLICATE_METHOD_MATCH = YES;
				CODE_SIGN_IDENTITY = "iPhone Developer";
				COPY_PHASE_STRIP = NO;
				DEBUG_INFORMATION_FORMAT = dwarf;
				ENABLE_STRICT_OBJC_MSGSEND = YES;
				ENABLE_TESTABILITY = YES;
				GCC_C_LANGUAGE_STANDARD = gnu11;
				GCC_DYNAMIC_NO_PIC = NO;
				GCC_NO_COMMON_BLOCKS = YES;
				GCC_OPTIMIZATION_LEVEL = 0;
				GCC_PREPROCESSOR_DEFINITIONS = (
					"DEBUG=1",
					"$(inherited)",
				);
				GCC_WARN_64_TO_32_BIT_CONVERSION = YES;
				GCC_WARN_ABOUT_RETURN_TYPE = YES_ERROR;
				GCC_WARN_UNDECLARED_SELECTOR = YES;
				GCC_WARN_UNINITIALIZED_AUTOS = YES_AGGRESSIVE;
				GCC_WARN_UNUSED_FUNCTION = YES;
				GCC_WARN_UNUSED_VARIABLE = YES;
				IPHONEOS_DEPLOYMENT_TARGET = 11.0;
				MTL_ENABLE_DEBUG_INFO = YES;
				ONLY_ACTIVE_ARCH = YES;
				SDKROOT = iphoneos;
				SWIFT_ACTIVE_COMPILATION_CONDITIONS = DEBUG;
				SWIFT_OPTIMIZATION_LEVEL = "-Onone";
			};
			name = Debug;
		};
		0969AB8621FF1B0E00D12095 /* Release */ = {
			isa = XCBuildConfiguration;
			buildSettings = {
				ALWAYS_SEARCH_USER_PATHS = NO;
				CLANG_ANALYZER_NONNULL = YES;
				CLANG_ANALYZER_NUMBER_OBJECT_CONVERSION = YES_AGGRESSIVE;
				CLANG_CXX_LANGUAGE_STANDARD = "gnu++14";
				CLANG_CXX_LIBRARY = "libc++";
				CLANG_ENABLE_MODULES = YES;
				CLANG_ENABLE_OBJC_ARC = YES;
				CLANG_WARN_BLOCK_CAPTURE_AUTORELEASING = YES;
				CLANG_WARN_BOOL_CONVERSION = YES;
				CLANG_WARN_COMMA = YES;
				CLANG_WARN_CONSTANT_CONVERSION = YES;
				CLANG_WARN_DIRECT_OBJC_ISA_USAGE = YES_ERROR;
				CLANG_WARN_DOCUMENTATION_COMMENTS = YES;
				CLANG_WARN_EMPTY_BODY = YES;
				CLANG_WARN_ENUM_CONVERSION = YES;
				CLANG_WARN_INFINITE_RECURSION = YES;
				CLANG_WARN_INT_CONVERSION = YES;
				CLANG_WARN_NON_LITERAL_NULL_CONVERSION = YES;
				CLANG_WARN_OBJC_LITERAL_CONVERSION = YES;
				CLANG_WARN_OBJC_ROOT_CLASS = YES_ERROR;
				CLANG_WARN_RANGE_LOOP_ANALYSIS = YES;
				CLANG_WARN_STRICT_PROTOTYPES = YES;
				CLANG_WARN_SUSPICIOUS_MOVE = YES;
				CLANG_WARN_UNGUARDED_AVAILABILITY = YES_AGGRESSIVE;
				CLANG_WARN_UNREACHABLE_CODE = YES;
				CLANG_WARN__DUPLICATE_METHOD_MATCH = YES;
				CODE_SIGN_IDENTITY = "iPhone Developer";
				COPY_PHASE_STRIP = NO;
				DEBUG_INFORMATION_FORMAT = "dwarf-with-dsym";
				ENABLE_NS_ASSERTIONS = NO;
				ENABLE_STRICT_OBJC_MSGSEND = YES;
				GCC_C_LANGUAGE_STANDARD = gnu11;
				GCC_NO_COMMON_BLOCKS = YES;
				GCC_WARN_64_TO_32_BIT_CONVERSION = YES;
				GCC_WARN_ABOUT_RETURN_TYPE = YES_ERROR;
				GCC_WARN_UNDECLARED_SELECTOR = YES;
				GCC_WARN_UNINITIALIZED_AUTOS = YES_AGGRESSIVE;
				GCC_WARN_UNUSED_FUNCTION = YES;
				GCC_WARN_UNUSED_VARIABLE = YES;
				IPHONEOS_DEPLOYMENT_TARGET = 11.0;
				MTL_ENABLE_DEBUG_INFO = NO;
				SDKROOT = iphoneos;
				SWIFT_OPTIMIZATION_LEVEL = "-Owholemodule";
				VALIDATE_PRODUCT = YES;
			};
			name = Release;
		};
		0969AB8821FF1B0E00D12095 /* Debug */ = {
			isa = XCBuildConfiguration;
			buildSettings = {
				ASSETCATALOG_COMPILER_APPICON_NAME = AppIcon;
				CODE_SIGN_STYLE = Automatic;
				INFOPLIST_FILE = Quiz/Info.plist;
				LD_RUNPATH_SEARCH_PATHS = "$(inherited) @executable_path/Frameworks";
				PRODUCT_BUNDLE_IDENTIFIER = scopus.Quiz;
				PRODUCT_NAME = "$(TARGET_NAME)";
				SWIFT_VERSION = 4.0;
				TARGETED_DEVICE_FAMILY = "1,2";
			};
			name = Debug;
		};
		0969AB8921FF1B0E00D12095 /* Release */ = {
			isa = XCBuildConfiguration;
			buildSettings = {
				ASSETCATALOG_COMPILER_APPICON_NAME = AppIcon;
				CODE_SIGN_STYLE = Automatic;
				INFOPLIST_FILE = Quiz/Info.plist;
				LD_RUNPATH_SEARCH_PATHS = "$(inherited) @executable_path/Frameworks";
				PRODUCT_BUNDLE_IDENTIFIER = scopus.Quiz;
				PRODUCT_NAME = "$(TARGET_NAME)";
				SWIFT_VERSION = 4.0;
				TARGETED_DEVICE_FAMILY = "1,2";
			};
			name = Release;
		};
		0969AB8B21FF1B0E00D12095 /* Debug */ = {
			isa = XCBuildConfiguration;
			buildSettings = {
				ALWAYS_EMBED_SWIFT_STANDARD_LIBRARIES = YES;
				BUNDLE_LOADER = "$(TEST_HOST)";
				CODE_SIGN_STYLE = Automatic;
				INFOPLIST_FILE = QuizTests/Info.plist;
				LD_RUNPATH_SEARCH_PATHS = "$(inherited) @executable_path/Frameworks @loader_path/Frameworks";
				PRODUCT_BUNDLE_IDENTIFIER = scopus.QuizTests;
				PRODUCT_NAME = "$(TARGET_NAME)";
				SWIFT_VERSION = 4.0;
				TARGETED_DEVICE_FAMILY = "1,2";
				TEST_HOST = "$(BUILT_PRODUCTS_DIR)/Quiz.app/Quiz";
			};
			name = Debug;
		};
		0969AB8C21FF1B0E00D12095 /* Release */ = {
			isa = XCBuildConfiguration;
			buildSettings = {
				ALWAYS_EMBED_SWIFT_STANDARD_LIBRARIES = YES;
				BUNDLE_LOADER = "$(TEST_HOST)";
				CODE_SIGN_STYLE = Automatic;
				INFOPLIST_FILE = QuizTests/Info.plist;
				LD_RUNPATH_SEARCH_PATHS = "$(inherited) @executable_path/Frameworks @loader_path/Frameworks";
				PRODUCT_BUNDLE_IDENTIFIER = scopus.QuizTests;
				PRODUCT_NAME = "$(TARGET_NAME)";
				SWIFT_VERSION = 4.0;
				TARGETED_DEVICE_FAMILY = "1,2";
				TEST_HOST = "$(BUILT_PRODUCTS_DIR)/Quiz.app/Quiz";
			};
			name = Release;
		};
		0969AB8E21FF1B0E00D12095 /* Debug */ = {
			isa = XCBuildConfiguration;
			buildSettings = {
				ALWAYS_EMBED_SWIFT_STANDARD_LIBRARIES = YES;
				CODE_SIGN_STYLE = Automatic;
				INFOPLIST_FILE = QuizUITests/Info.plist;
				LD_RUNPATH_SEARCH_PATHS = "$(inherited) @executable_path/Frameworks @loader_path/Frameworks";
				PRODUCT_BUNDLE_IDENTIFIER = scopus.QuizUITests;
				PRODUCT_NAME = "$(TARGET_NAME)";
				SWIFT_VERSION = 4.0;
				TARGETED_DEVICE_FAMILY = "1,2";
				TEST_TARGET_NAME = Quiz;
			};
			name = Debug;
		};
		0969AB8F21FF1B0E00D12095 /* Release */ = {
			isa = XCBuildConfiguration;
			buildSettings = {
				ALWAYS_EMBED_SWIFT_STANDARD_LIBRARIES = YES;
				CODE_SIGN_STYLE = Automatic;
				INFOPLIST_FILE = QuizUITests/Info.plist;
				LD_RUNPATH_SEARCH_PATHS = "$(inherited) @executable_path/Frameworks @loader_path/Frameworks";
				PRODUCT_BUNDLE_IDENTIFIER = scopus.QuizUITests;
				PRODUCT_NAME = "$(TARGET_NAME)";
				SWIFT_VERSION = 4.0;
				TARGETED_DEVICE_FAMILY = "1,2";
				TEST_TARGET_NAME = Quiz;
			};
			name = Release;
		};
/* End XCBuildConfiguration section */

/* Begin XCConfigurationList section */
		0969AB5A21FF1B0D00D12095 /* Build configuration list for PBXProject "Quiz" */ = {
			isa = XCConfigurationList;
			buildConfigurations = (
				0969AB8521FF1B0E00D12095 /* Debug */,
				0969AB8621FF1B0E00D12095 /* Release */,
			);
			defaultConfigurationIsVisible = 0;
			defaultConfigurationName = Release;
		};
		0969AB8721FF1B0E00D12095 /* Build configuration list for PBXNativeTarget "Quiz" */ = {
			isa = XCConfigurationList;
			buildConfigurations = (
				0969AB8821FF1B0E00D12095 /* Debug */,
				0969AB8921FF1B0E00D12095 /* Release */,
			);
			defaultConfigurationIsVisible = 0;
			defaultConfigurationName = Release;
		};
		0969AB8A21FF1B0E00D12095 /* Build configuration list for PBXNativeTarget "QuizTests" */ = {
			isa = XCConfigurationList;
			buildConfigurations = (
				0969AB8B21FF1B0E00D12095 /* Debug */,
				0969AB8C21FF1B0E00D12095 /* Release */,
			);
			defaultConfigurationIsVisible = 0;
			defaultConfigurationName = Release;
		};
		0969AB8D21FF1B0E00D12095 /* Build configuration list for PBXNativeTarget "QuizUITests" */ = {
			isa = XCConfigurationList;
			buildConfigurations = (
				0969AB8E21FF1B0E00D12095 /* Debug */,
				0969AB8F21FF1B0E00D12095 /* Release */,
			);
			defaultConfigurationIsVisible = 0;
			defaultConfigurationName = Release;
		};
/* End XCConfigurationList section */
	};
	rootObject = 0969AB5721FF1B0D00D12095 /* Project object */;
}
